
Microsoft Visual Studio Solution File, Format Version 12.00
# Visual Studio Version 17
VisualStudioVersion = 17.0.31903.59
MinimumVisualStudioVersion = 10.0.40219.1
Project("{FAE04EC0-301F-11D3-BF4B-00C04F79EFBC}") = "AccountTest4.8", "AccountTest4.8\AccountTest4.8.csproj", "{5C73DA65-4C27-4FA8-8E4E-15CE1BB09871}"
EndProject
Global
	GlobalSection(SolutionConfigurationPlatforms) = preSolution
		Debug|Any CPU = Debug|Any CPU
		Release|Any CPU = Release|Any CPU
	EndGlobalSection
	GlobalSection(SolutionProperties) = preSolution
		HideSolutionNode = FALSE
	EndGlobalSection
	GlobalSection(ProjectConfigurationPlatforms) = postSolution
		{5C73DA65-4C27-4FA8-8E4E-15CE1BB09871}.Debug|Any CPU.ActiveCfg = Debug|Any CPU
		{5C73DA65-4C27-4FA8-8E4E-15CE1BB09871}.Debug|Any CPU.Build.0 = Debug|Any CPU
		{5C73DA65-4C27-4FA8-8E4E-15CE1BB09871}.Release|Any CPU.ActiveCfg = Release|Any CPU
		{5C73DA65-4C27-4FA8-8E4E-15CE1BB09871}.Release|Any CPU.Build.0 = Release|Any CPU
	EndGlobalSection
EndGlobal
