
Microsoft Visual Studio Solution File, Format Version 12.00
# Visual Studio Version 17
VisualStudioVersion = 17.5.2.0
MinimumVisualStudioVersion = 10.0.40219.1
Project("{FAE04EC0-301F-11D3-BF4B-00C04F79EFBC}") = "Øvelse1-Canvas", "Øvelse1-Canvas.csproj", "{5C7E80A7-3A34-D598-CB56-E044C454EE2C}"
EndProject
Global
	GlobalSection(SolutionConfigurationPlatforms) = preSolution
		Debug|Any CPU = Debug|Any CPU
		Release|Any CPU = Release|Any CPU
	EndGlobalSection
	GlobalSection(ProjectConfigurationPlatforms) = postSolution
		{5C7E80A7-3A34-D598-CB56-E044C454EE2C}.Debug|Any CPU.ActiveCfg = Debug|Any CPU
		{5C7E80A7-3A34-D598-CB56-E044C454EE2C}.Debug|Any CPU.Build.0 = Debug|Any CPU
		{5C7E80A7-3A34-D598-CB56-E044C454EE2C}.Release|Any CPU.ActiveCfg = Release|Any CPU
		{5C7E80A7-3A34-D598-CB56-E044C454EE2C}.Release|Any CPU.Build.0 = Release|Any CPU
	EndGlobalSection
	GlobalSection(SolutionProperties) = preSolution
		HideSolutionNode = FALSE
	EndGlobalSection
	GlobalSection(ExtensibilityGlobals) = postSolution
		SolutionGuid = {AE845CFB-D613-47DC-A213-4B82E2B64C62}
	EndGlobalSection
EndGlobal
